// !$*UTF8*$!
{
	archiveVersion = 1;
	classes = {
	};
	objectVersion = 51;
	objects = {

/* Begin PBXBuildFile section */
		3B7BF9042447176900BDA321 /* AppDelegate.swift in Sources */ = {isa = PBXBuildFile; fileRef = 3B7BF9032447176900BDA321 /* AppDelegate.swift */; };
		3B7BF9062447176900BDA321 /* SceneDelegate.swift in Sources */ = {isa = PBXBuildFile; fileRef = 3B7BF9052447176900BDA321 /* SceneDelegate.swift */; };
		3B7BF9102447176A00BDA321 /* Assets.xcassets in Resources */ = {isa = PBXBuildFile; fileRef = 3B7BF90F2447176A00BDA321 /* Assets.xcassets */; };
		3B7BF9132447176A00BDA321 /* LaunchScreen.storyboard in Resources */ = {isa = PBXBuildFile; fileRef = 3B7BF9112447176A00BDA321 /* LaunchScreen.storyboard */; };
		3B7BF91E2447186D00BDA321 /* TodoListViewController.swift in Sources */ = {isa = PBXBuildFile; fileRef = 3B7BF91C2447186D00BDA321 /* TodoListViewController.swift */; };
		3B7BF91F2447186D00BDA321 /* CategoryViewController.swift in Sources */ = {isa = PBXBuildFile; fileRef = 3B7BF91D2447186D00BDA321 /* CategoryViewController.swift */; };
		3B7BF92224471A4B00BDA321 /* Constants.swift in Sources */ = {isa = PBXBuildFile; fileRef = 3B7BF92124471A4B00BDA321 /* Constants.swift */; };
		3B7BF92724471B6C00BDA321 /* Main.storyboard in Resources */ = {isa = PBXBuildFile; fileRef = 3B7BF92524471B6C00BDA321 /* Main.storyboard */; };
		3B7BF92B24472FAD00BDA321 /* Item.swift in Sources */ = {isa = PBXBuildFile; fileRef = 3B7BF92A24472FAD00BDA321 /* Item.swift */; };
		3B7BF92D24472FBE00BDA321 /* Category.swift in Sources */ = {isa = PBXBuildFile; fileRef = 3B7BF92C24472FBE00BDA321 /* Category.swift */; };
		3BDA0A6A2448899F0038CA61 /* SwipeTableViewController.swift in Sources */ = {isa = PBXBuildFile; fileRef = 3BDA0A692448899F0038CA61 /* SwipeTableViewController.swift */; };
		B974DBBF9383426276C44E96 /* Pods_Todoie_Using_Realm.framework in Frameworks */ = {isa = PBXBuildFile; fileRef = 93917E86A30722369B20233F /* Pods_Todoie_Using_Realm.framework */; };
/* End PBXBuildFile section */

/* Begin PBXFileReference section */
		0396CAB6147503B7F4A5DA69 /* Pods-Todoie-Using-Realm.release.xcconfig */ = {isa = PBXFileReference; includeInIndex = 1; lastKnownFileType = text.xcconfig; name = "Pods-Todoie-Using-Realm.release.xcconfig"; path = "Target Support Files/Pods-Todoie-Using-Realm/Pods-Todoie-Using-Realm.release.xcconfig"; sourceTree = "<group>"; };
		3B7BF9002447176900BDA321 /* Todoie-Using-Realm.app */ = {isa = PBXFileReference; explicitFileType = wrapper.application; includeInIndex = 0; path = "Todoie-Using-Realm.app"; sourceTree = BUILT_PRODUCTS_DIR; };
		3B7BF9032447176900BDA321 /* AppDelegate.swift */ = {isa = PBXFileReference; lastKnownFileType = sourcecode.swift; path = AppDelegate.swift; sourceTree = "<group>"; };
		3B7BF9052447176900BDA321 /* SceneDelegate.swift */ = {isa = PBXFileReference; lastKnownFileType = sourcecode.swift; path = SceneDelegate.swift; sourceTree = "<group>"; };
		3B7BF90F2447176A00BDA321 /* Assets.xcassets */ = {isa = PBXFileReference; lastKnownFileType = folder.assetcatalog; path = Assets.xcassets; sourceTree = "<group>"; };
		3B7BF9122447176A00BDA321 /* Base */ = {isa = PBXFileReference; lastKnownFileType = file.storyboard; name = Base; path = Base.lproj/LaunchScreen.storyboard; sourceTree = "<group>"; };
		3B7BF9142447176A00BDA321 /* Info.plist */ = {isa = PBXFileReference; lastKnownFileType = text.plist.xml; path = Info.plist; sourceTree = "<group>"; };
		3B7BF91C2447186D00BDA321 /* TodoListViewController.swift */ = {isa = PBXFileReference; fileEncoding = 4; lastKnownFileType = sourcecode.swift; path = TodoListViewController.swift; sourceTree = "<group>"; };
		3B7BF91D2447186D00BDA321 /* CategoryViewController.swift */ = {isa = PBXFileReference; fileEncoding = 4; lastKnownFileType = sourcecode.swift; path = CategoryViewController.swift; sourceTree = "<group>"; };
		3B7BF92124471A4B00BDA321 /* Constants.swift */ = {isa = PBXFileReference; fileEncoding = 4; lastKnownFileType = sourcecode.swift; path = Constants.swift; sourceTree = "<group>"; };
		3B7BF92624471B6C00BDA321 /* Base */ = {isa = PBXFileReference; lastKnownFileType = file.storyboard; name = Base; path = Base.lproj/Main.storyboard; sourceTree = "<group>"; };
		3B7BF92A24472FAD00BDA321 /* Item.swift */ = {isa = PBXFileReference; lastKnownFileType = sourcecode.swift; path = Item.swift; sourceTree = "<group>"; };
		3B7BF92C24472FBE00BDA321 /* Category.swift */ = {isa = PBXFileReference; lastKnownFileType = sourcecode.swift; path = Category.swift; sourceTree = "<group>"; };
		3BDA0A692448899F0038CA61 /* SwipeTableViewController.swift */ = {isa = PBXFileReference; lastKnownFileType = sourcecode.swift; path = SwipeTableViewController.swift; sourceTree = "<group>"; };
		93917E86A30722369B20233F /* Pods_Todoie_Using_Realm.framework */ = {isa = PBXFileReference; explicitFileType = wrapper.framework; includeInIndex = 0; path = Pods_Todoie_Using_Realm.framework; sourceTree = BUILT_PRODUCTS_DIR; };
		B038EE3E6EDF2811108F7F39 /* Pods-Todoie-Using-Realm.debug.xcconfig */ = {isa = PBXFileReference; includeInIndex = 1; lastKnownFileType = text.xcconfig; name = "Pods-Todoie-Using-Realm.debug.xcconfig"; path = "Target Support Files/Pods-Todoie-Using-Realm/Pods-Todoie-Using-Realm.debug.xcconfig"; sourceTree = "<group>"; };
/* End PBXFileReference section */

/* Begin PBXFrameworksBuildPhase section */
		3B7BF8FD2447176900BDA321 /* Frameworks */ = {
			isa = PBXFrameworksBuildPhase;
			buildActionMask = 2147483647;
			files = (
				B974DBBF9383426276C44E96 /* Pods_Todoie_Using_Realm.framework in Frameworks */,
			);
			runOnlyForDeploymentPostprocessing = 0;
		};
/* End PBXFrameworksBuildPhase section */

/* Begin PBXGroup section */
		0EBC04FD35B8285FE042E4A0 /* Pods */ = {
			isa = PBXGroup;
			children = (
				B038EE3E6EDF2811108F7F39 /* Pods-Todoie-Using-Realm.debug.xcconfig */,
				0396CAB6147503B7F4A5DA69 /* Pods-Todoie-Using-Realm.release.xcconfig */,
			);
			path = Pods;
			sourceTree = "<group>";
		};
		3B7BF8F72447176900BDA321 = {
			isa = PBXGroup;
			children = (
				3B7BF9022447176900BDA321 /* Todoie-Using-Realm */,
				3B7BF9012447176900BDA321 /* Products */,
				0EBC04FD35B8285FE042E4A0 /* Pods */,
				5E41279C5B181E3BB229BB54 /* Frameworks */,
			);
			sourceTree = "<group>";
		};
		3B7BF9012447176900BDA321 /* Products */ = {
			isa = PBXGroup;
			children = (
				3B7BF9002447176900BDA321 /* Todoie-Using-Realm.app */,
			);
			name = Products;
			sourceTree = "<group>";
		};
		3B7BF9022447176900BDA321 /* Todoie-Using-Realm */ = {
			isa = PBXGroup;
			children = (
				3B7BF9032447176900BDA321 /* AppDelegate.swift */,
				3B7BF9052447176900BDA321 /* SceneDelegate.swift */,
				3B7BF92324471A5700BDA321 /* Models */,
				3B7BF92424471B6C00BDA321 /* Views */,
				3B7BF91B2447186D00BDA321 /* Controllers */,
				3B7BF92024471A4B00BDA321 /* Helper */,
				3B7BF90F2447176A00BDA321 /* Assets.xcassets */,
				3B7BF9112447176A00BDA321 /* LaunchScreen.storyboard */,
				3B7BF9142447176A00BDA321 /* Info.plist */,
			);
			path = "Todoie-Using-Realm";
			sourceTree = "<group>";
		};
		3B7BF91B2447186D00BDA321 /* Controllers */ = {
			isa = PBXGroup;
			children = (
				3B7BF91D2447186D00BDA321 /* CategoryViewController.swift */,
				3B7BF91C2447186D00BDA321 /* TodoListViewController.swift */,
				3BDA0A692448899F0038CA61 /* SwipeTableViewController.swift */,
			);
			path = Controllers;
			sourceTree = "<group>";
		};
		3B7BF92024471A4B00BDA321 /* Helper */ = {
			isa = PBXGroup;
			children = (
				3B7BF92124471A4B00BDA321 /* Constants.swift */,
			);
			path = Helper;
			sourceTree = "<group>";
		};
		3B7BF92324471A5700BDA321 /* Models */ = {
			isa = PBXGroup;
			children = (
				3B7BF92A24472FAD00BDA321 /* Item.swift */,
				3B7BF92C24472FBE00BDA321 /* Category.swift */,
			);
			path = Models;
			sourceTree = "<group>";
		};
		3B7BF92424471B6C00BDA321 /* Views */ = {
			isa = PBXGroup;
			children = (
				3B7BF92524471B6C00BDA321 /* Main.storyboard */,
			);
			path = Views;
			sourceTree = "<group>";
		};
		5E41279C5B181E3BB229BB54 /* Frameworks */ = {
			isa = PBXGroup;
			children = (
				93917E86A30722369B20233F /* Pods_Todoie_Using_Realm.framework */,
			);
			name = Frameworks;
			sourceTree = "<group>";
		};
/* End PBXGroup section */

/* Begin PBXNativeTarget section */
		3B7BF8FF2447176900BDA321 /* Todoie-Using-Realm */ = {
			isa = PBXNativeTarget;
			buildConfigurationList = 3B7BF9172447176A00BDA321 /* Build configuration list for PBXNativeTarget "Todoie-Using-Realm" */;
			buildPhases = (
				FE11CAB440D5F7B206BC4B0B /* [CP] Check Pods Manifest.lock */,
				3B7BF8FC2447176900BDA321 /* Sources */,
				3B7BF8FD2447176900BDA321 /* Frameworks */,
				3B7BF8FE2447176900BDA321 /* Resources */,
				F4A139F95BD6C301224B0F96 /* [CP] Embed Pods Frameworks */,
			);
			buildRules = (
			);
			dependencies = (
			);
			name = "Todoie-Using-Realm";
			productName = "Todoie-Using-Realm";
			productReference = 3B7BF9002447176900BDA321 /* Todoie-Using-Realm.app */;
			productType = "com.apple.product-type.application";
		};
/* End PBXNativeTarget section */

/* Begin PBXProject section */
		3B7BF8F82447176900BDA321 /* Project object */ = {
			isa = PBXProject;
			attributes = {
				LastSwiftUpdateCheck = 1140;
				LastUpgradeCheck = 1140;
				ORGANIZATIONNAME = "Rakibul Hasan";
				TargetAttributes = {
					3B7BF8FF2447176900BDA321 = {
						CreatedOnToolsVersion = 11.4;
					};
				};
			};
			buildConfigurationList = 3B7BF8FB2447176900BDA321 /* Build configuration list for PBXProject "Todoie-Using-Realm" */;
			compatibilityVersion = "Xcode 9.3";
			developmentRegion = en;
			hasScannedForEncodings = 0;
			knownRegions = (
				en,
				Base,
			);
			mainGroup = 3B7BF8F72447176900BDA321;
			productRefGroup = 3B7BF9012447176900BDA321 /* Products */;
			projectDirPath = "";
			projectRoot = "";
			targets = (
				3B7BF8FF2447176900BDA321 /* Todoie-Using-Realm */,
			);
		};
/* End PBXProject section */

/* Begin PBXResourcesBuildPhase section */
		3B7BF8FE2447176900BDA321 /* Resources */ = {
			isa = PBXResourcesBuildPhase;
			buildActionMask = 2147483647;
			files = (
				3B7BF92724471B6C00BDA321 /* Main.storyboard in Resources */,
				3B7BF9132447176A00BDA321 /* LaunchScreen.storyboard in Resources */,
				3B7BF9102447176A00BDA321 /* Assets.xcassets in Resources */,
			);
			runOnlyForDeploymentPostprocessing = 0;
		};
/* End PBXResourcesBuildPhase section */

/* Begin PBXShellScriptBuildPhase section */
		F4A139F95BD6C301224B0F96 /* [CP] Embed Pods Frameworks */ = {
			isa = PBXShellScriptBuildPhase;
			buildActionMask = 2147483647;
			files = (
			);
			inputFileListPaths = (
				"${PODS_ROOT}/Target Support Files/Pods-Todoie-Using-Realm/Pods-Todoie-Using-Realm-frameworks-${CONFIGURATION}-input-files.xcfilelist",
			);
			name = "[CP] Embed Pods Frameworks";
			outputFileListPaths = (
				"${PODS_ROOT}/Target Support Files/Pods-Todoie-Using-Realm/Pods-Todoie-Using-Realm-frameworks-${CONFIGURATION}-output-files.xcfilelist",
			);
			runOnlyForDeploymentPostprocessing = 0;
			shellPath = /bin/sh;
			shellScript = "\"${PODS_ROOT}/Target Support Files/Pods-Todoie-Using-Realm/Pods-Todoie-Using-Realm-frameworks.sh\"\n";
			showEnvVarsInLog = 0;
		};
		FE11CAB440D5F7B206BC4B0B /* [CP] Check Pods Manifest.lock */ = {
			isa = PBXShellScriptBuildPhase;
			buildActionMask = 2147483647;
			files = (
			);
			inputFileListPaths = (
			);
			inputPaths = (
				"${PODS_PODFILE_DIR_PATH}/Podfile.lock",
				"${PODS_ROOT}/Manifest.lock",
			);
			name = "[CP] Check Pods Manifest.lock";
			outputFileListPaths = (
			);
			outputPaths = (
				"$(DERIVED_FILE_DIR)/Pods-Todoie-Using-Realm-checkManifestLockResult.txt",
			);
			runOnlyForDeploymentPostprocessing = 0;
			shellPath = /bin/sh;
			shellScript = "diff \"${PODS_PODFILE_DIR_PATH}/Podfile.lock\" \"${PODS_ROOT}/Manifest.lock\" > /dev/null\nif [ $? != 0 ] ; then\n    # print error to STDERR\n    echo \"error: The sandbox is not in sync with the Podfile.lock. Run 'pod install' or update your CocoaPods installation.\" >&2\n    exit 1\nfi\n# This output is used by Xcode 'outputs' to avoid re-running this script phase.\necho \"SUCCESS\" > \"${SCRIPT_OUTPUT_FILE_0}\"\n";
			showEnvVarsInLog = 0;
		};
/* End PBXShellScriptBuildPhase section */

/* Begin PBXSourcesBuildPhase section */
		3B7BF8FC2447176900BDA321 /* Sources */ = {
			isa = PBXSourcesBuildPhase;
			buildActionMask = 2147483647;
			files = (
				3BDA0A6A2448899F0038CA61 /* SwipeTableViewController.swift in Sources */,
				3B7BF91F2447186D00BDA321 /* CategoryViewController.swift in Sources */,
				3B7BF91E2447186D00BDA321 /* TodoListViewController.swift in Sources */,
				3B7BF9042447176900BDA321 /* AppDelegate.swift in Sources */,
				3B7BF92B24472FAD00BDA321 /* Item.swift in Sources */,
				3B7BF9062447176900BDA321 /* SceneDelegate.swift in Sources */,
				3B7BF92224471A4B00BDA321 /* Constants.swift in Sources */,
				3B7BF92D24472FBE00BDA321 /* Category.swift in Sources */,
			);
			runOnlyForDeploymentPostprocessing = 0;
		};
/* End PBXSourcesBuildPhase section */

/* Begin PBXVariantGroup section */
		3B7BF9112447176A00BDA321 /* LaunchScreen.storyboard */ = {
			isa = PBXVariantGroup;
			children = (
				3B7BF9122447176A00BDA321 /* Base */,
			);
			name = LaunchScreen.storyboard;
			sourceTree = "<group>";
		};
		3B7BF92524471B6C00BDA321 /* Main.storyboard */ = {
			isa = PBXVariantGroup;
			children = (
				3B7BF92624471B6C00BDA321 /* Base */,
			);
			name = Main.storyboard;
			sourceTree = "<group>";
		};
/* End PBXVariantGroup section */

/* Begin XCBuildConfiguration section */
		3B7BF9152447176A00BDA321 /* Debug */ = {
			isa = XCBuildConfiguration;
			buildSettings = {
				ALWAYS_SEARCH_USER_PATHS = NO;
				CLANG_ANALYZER_NONNULL = YES;
				CLANG_ANALYZER_NUMBER_OBJECT_CONVERSION = YES_AGGRESSIVE;
				CLANG_CXX_LANGUAGE_STANDARD = "gnu++14";
				CLANG_CXX_LIBRARY = "libc++";
				CLANG_ENABLE_MODULES = YES;
				CLANG_ENABLE_OBJC_ARC = YES;
				CLANG_ENABLE_OBJC_WEAK = YES;
				CLANG_WARN_BLOCK_CAPTURE_AUTORELEASING = YES;
				CLANG_WARN_BOOL_CONVERSION = YES;
				CLANG_WARN_COMMA = YES;
				CLANG_WARN_CONSTANT_CONVERSION = YES;
				CLANG_WARN_DEPRECATED_OBJC_IMPLEMENTATIONS = YES;
				CLANG_WARN_DIRECT_OBJC_ISA_USAGE = YES_ERROR;
				CLANG_WARN_DOCUMENTATION_COMMENTS = YES;
				CLANG_WARN_EMPTY_BODY = YES;
				CLANG_WARN_ENUM_CONVERSION = YES;
				CLANG_WARN_INFINITE_RECURSION = YES;
				CLANG_WARN_INT_CONVERSION = YES;
				CLANG_WARN_NON_LITERAL_NULL_CONVERSION = YES;
				CLANG_WARN_OBJC_IMPLICIT_RETAIN_SELF = YES;
				CLANG_WARN_OBJC_LITERAL_CONVERSION = YES;
				CLANG_WARN_OBJC_ROOT_CLASS = YES_ERROR;
				CLANG_WARN_RANGE_LOOP_ANALYSIS = YES;
				CLANG_WARN_STRICT_PROTOTYPES = YES;
				CLANG_WARN_SUSPICIOUS_MOVE = YES;
				CLANG_WARN_UNGUARDED_AVAILABILITY = YES_AGGRESSIVE;
				CLANG_WARN_UNREACHABLE_CODE = YES;
				CLANG_WARN__DUPLICATE_METHOD_MATCH = YES;
				COPY_PHASE_STRIP = NO;
				DEBUG_INFORMATION_FORMAT = dwarf;
				ENABLE_STRICT_OBJC_MSGSEND = YES;
				ENABLE_TESTABILITY = YES;
				GCC_C_LANGUAGE_STANDARD = gnu11;
				GCC_DYNAMIC_NO_PIC = NO;
				GCC_NO_COMMON_BLOCKS = YES;
				GCC_OPTIMIZATION_LEVEL = 0;
				GCC_PREPROCESSOR_DEFINITIONS = (
					"DEBUG=1",
					"$(inherited)",
				);
				GCC_WARN_64_TO_32_BIT_CONVERSION = YES;
				GCC_WARN_ABOUT_RETURN_TYPE = YES_ERROR;
				GCC_WARN_UNDECLARED_SELECTOR = YES;
				GCC_WARN_UNINITIALIZED_AUTOS = YES_AGGRESSIVE;
				GCC_WARN_UNUSED_FUNCTION = YES;
				GCC_WARN_UNUSED_VARIABLE = YES;
				IPHONEOS_DEPLOYMENT_TARGET = 13.4;
				MTL_ENABLE_DEBUG_INFO = INCLUDE_SOURCE;
				MTL_FAST_MATH = YES;
				ONLY_ACTIVE_ARCH = YES;
				SDKROOT = iphoneos;
				SWIFT_ACTIVE_COMPILATION_CONDITIONS = DEBUG;
				SWIFT_OPTIMIZATION_LEVEL = "-Onone";
			};
			name = Debug;
		};
		3B7BF9162447176A00BDA321 /* Release */ = {
			isa = XCBuildConfiguration;
			buildSettings = {
				ALWAYS_SEARCH_USER_PATHS = NO;
				CLANG_ANALYZER_NONNULL = YES;
				CLANG_ANALYZER_NUMBER_OBJECT_CONVERSION = YES_AGGRESSIVE;
				CLANG_CXX_LANGUAGE_STANDARD = "gnu++14";
				CLANG_CXX_LIBRARY = "libc++";
				CLANG_ENABLE_MODULES = YES;
				CLANG_ENABLE_OBJC_ARC = YES;
				CLANG_ENABLE_OBJC_WEAK = YES;
				CLANG_WARN_BLOCK_CAPTURE_AUTORELEASING = YES;
				CLANG_WARN_BOOL_CONVERSION = YES;
				CLANG_WARN_COMMA = YES;
				CLANG_WARN_CONSTANT_CONVERSION = YES;
				CLANG_WARN_DEPRECATED_OBJC_IMPLEMENTATIONS = YES;
				CLANG_WARN_DIRECT_OBJC_ISA_USAGE = YES_ERROR;
				CLANG_WARN_DOCUMENTATION_COMMENTS = YES;
				CLANG_WARN_EMPTY_BODY = YES;
				CLANG_WARN_ENUM_CONVERSION = YES;
				CLANG_WARN_INFINITE_RECURSION = YES;
				CLANG_WARN_INT_CONVERSION = YES;
				CLANG_WARN_NON_LITERAL_NULL_CONVERSION = YES;
				CLANG_WARN_OBJC_IMPLICIT_RETAIN_SELF = YES;
				CLANG_WARN_OBJC_LITERAL_CONVERSION = YES;
				CLANG_WARN_OBJC_ROOT_CLASS = YES_ERROR;
				CLANG_WARN_RANGE_LOOP_ANALYSIS = YES;
				CLANG_WARN_STRICT_PROTOTYPES = YES;
				CLANG_WARN_SUSPICIOUS_MOVE = YES;
				CLANG_WARN_UNGUARDED_AVAILABILITY = YES_AGGRESSIVE;
				CLANG_WARN_UNREACHABLE_CODE = YES;
				CLANG_WARN__DUPLICATE_METHOD_MATCH = YES;
				COPY_PHASE_STRIP = NO;
				DEBUG_INFORMATION_FORMAT = "dwarf-with-dsym";
				ENABLE_NS_ASSERTIONS = NO;
				ENABLE_STRICT_OBJC_MSGSEND = YES;
				GCC_C_LANGUAGE_STANDARD = gnu11;
				GCC_NO_COMMON_BLOCKS = YES;
				GCC_WARN_64_TO_32_BIT_CONVERSION = YES;
				GCC_WARN_ABOUT_RETURN_TYPE = YES_ERROR;
				GCC_WARN_UNDECLARED_SELECTOR = YES;
				GCC_WARN_UNINITIALIZED_AUTOS = YES_AGGRESSIVE;
				GCC_WARN_UNUSED_FUNCTION = YES;
				GCC_WARN_UNUSED_VARIABLE = YES;
				IPHONEOS_DEPLOYMENT_TARGET = 13.4;
				MTL_ENABLE_DEBUG_INFO = NO;
				MTL_FAST_MATH = YES;
				SDKROOT = iphoneos;
				SWIFT_COMPILATION_MODE = wholemodule;
				SWIFT_OPTIMIZATION_LEVEL = "-O";
				VALIDATE_PRODUCT = YES;
			};
			name = Release;
		};
		3B7BF9182447176A00BDA321 /* Debug */ = {
			isa = XCBuildConfiguration;
			baseConfigurationReference = B038EE3E6EDF2811108F7F39 /* Pods-Todoie-Using-Realm.debug.xcconfig */;
			buildSettings = {
				ASSETCATALOG_COMPILER_APPICON_NAME = AppIcon;
				CODE_SIGN_STYLE = Automatic;
				INFOPLIST_FILE = "Todoie-Using-Realm/Info.plist";
				LD_RUNPATH_SEARCH_PATHS = (
					"$(inherited)",
					"@executable_path/Frameworks",
				);
				PRODUCT_BUNDLE_IDENTIFIER = "com.appnotrix.Todoie-Using-Realm";
				PRODUCT_NAME = "$(TARGET_NAME)";
				SWIFT_VERSION = 5.0;
				TARGETED_DEVICE_FAMILY = "1,2";
			};
			name = Debug;
		};
		3B7BF9192447176A00BDA321 /* Release */ = {
			isa = XCBuildConfiguration;
			baseConfigurationReference = 0396CAB6147503B7F4A5DA69 /* Pods-Todoie-Using-Realm.release.xcconfig */;
			buildSettings = {
				ASSETCATALOG_COMPILER_APPICON_NAME = AppIcon;
				CODE_SIGN_STYLE = Automatic;
				INFOPLIST_FILE = "Todoie-Using-Realm/Info.plist";
				LD_RUNPATH_SEARCH_PATHS = (
					"$(inherited)",
					"@executable_path/Frameworks",
				);
				PRODUCT_BUNDLE_IDENTIFIER = "com.appnotrix.Todoie-Using-Realm";
				PRODUCT_NAME = "$(TARGET_NAME)";
				SWIFT_VERSION = 5.0;
				TARGETED_DEVICE_FAMILY = "1,2";
			};
			name = Release;
		};
/* End XCBuildConfiguration section */

/* Begin XCConfigurationList section */
		3B7BF8FB2447176900BDA321 /* Build configuration list for PBXProject "Todoie-Using-Realm" */ = {
			isa = XCConfigurationList;
			buildConfigurations = (
				3B7BF9152447176A00BDA321 /* Debug */,
				3B7BF9162447176A00BDA321 /* Release */,
			);
			defaultConfigurationIsVisible = 0;
			defaultConfigurationName = Release;
		};
		3B7BF9172447176A00BDA321 /* Build configuration list for PBXNativeTarget "Todoie-Using-Realm" */ = {
			isa = XCConfigurationList;
			buildConfigurations = (
				3B7BF9182447176A00BDA321 /* Debug */,
				3B7BF9192447176A00BDA321 /* Release */,
			);
			defaultConfigurationIsVisible = 0;
			defaultConfigurationName = Release;
		};
/* End XCConfigurationList section */
	};
	rootObject = 3B7BF8F82447176900BDA321 /* Project object */;
}
